// !$*UTF8*$!
{
	archiveVersion = 1;
	classes = {
	};
	objectVersion = 46;
	objects = {
/* Begin PBXBuildFile section */
		0207DA581B56EA530066E2B4 /* Images.xcassets in Resources */ = {isa = PBXBuildFile; fileRef = 0207DA571B56EA530066E2B4 /* Images.xcassets */; };
		1D3623260D0F684500981E51 /* AppDelegate.m in Sources */ = {isa = PBXBuildFile; fileRef = 1D3623250D0F684500981E51 /* AppDelegate.m */; };
		1D60589B0D05DD56006BFB54 /* main.m in Sources */ = {isa = PBXBuildFile; fileRef = 29B97316FDCFA39411CA2CEA /* main.m */; };
		301BF552109A68D80062928A /* libCordova.a in Frameworks */ = {isa = PBXBuildFile; fileRef = 301BF535109A57CC0062928A /* libCordova.a */; };
		302D95F114D2391D003F00A1 /* MainViewController.m in Sources */ = {isa = PBXBuildFile; fileRef = 302D95EF14D2391D003F00A1 /* MainViewController.m */; };
		302D95F214D2391D003F00A1 /* MainViewController.xib in Resources */ = {isa = PBXBuildFile; fileRef = 302D95F014D2391D003F00A1 /* MainViewController.xib */; };
		3047A5121AB8059700498E2A /* build-debug.xcconfig in Resources */ = {isa = PBXBuildFile; fileRef = 3047A50F1AB8059700498E2A /* build-debug.xcconfig */; };
		3047A5131AB8059700498E2A /* build-release.xcconfig in Resources */ = {isa = PBXBuildFile; fileRef = 3047A5101AB8059700498E2A /* build-release.xcconfig */; };
		3047A5141AB8059700498E2A /* build.xcconfig in Resources */ = {isa = PBXBuildFile; fileRef = 3047A5111AB8059700498E2A /* build.xcconfig */; };
		0C3653055B4F4ED19C9C3739 /* iosrtcPlugin.swift in Sources */ = {isa = PBXBuildFile; fileRef = 3EAE46E3712A45E084E5362A /* iosrtcPlugin.swift */; };
		89C6D600FD7A42A29F5FBFE2 /* PluginRTCTypes.swift in Sources */ = {isa = PBXBuildFile; fileRef = 20EBF6F26301408EAF4A6CB2 /* PluginRTCTypes.swift */; };
		FB89CD1846C447FE8A499D29 /* PluginRTCPeerConnection.swift in Sources */ = {isa = PBXBuildFile; fileRef = 5F4B4217228B4593AA71AA35 /* PluginRTCPeerConnection.swift */; };
		033E2E3D349A4021A4CDF434 /* PluginRTCPeerConnectionConfig.swift in Sources */ = {isa = PBXBuildFile; fileRef = 4CD1307F35A74ADDAD3B8DAB /* PluginRTCPeerConnectionConfig.swift */; };
		CA96E495425643BB99C072C0 /* PluginRTCPeerConnectionConstraints.swift in Sources */ = {isa = PBXBuildFile; fileRef = C455B34492D14D0C8C51CE4D /* PluginRTCPeerConnectionConstraints.swift */; };
		61348FADB2ED4B87B8D0F181 /* PluginRTCDataChannel.swift in Sources */ = {isa = PBXBuildFile; fileRef = 4617E2591A5948C9B3F190B3 /* PluginRTCDataChannel.swift */; };
		E16DCF948442476889D81F52 /* PluginMediaStream.swift in Sources */ = {isa = PBXBuildFile; fileRef = 30D56125384D4CEDAE42F3B6 /* PluginMediaStream.swift */; };
		E0C326EAD955451182DAAEF7 /* PluginMediaStreamTrack.swift in Sources */ = {isa = PBXBuildFile; fileRef = 642E20F1BC334E4691BBC58A /* PluginMediaStreamTrack.swift */; };
		347AA4C9AE7E4514B620F992 /* PluginGetUserMedia.swift in Sources */ = {isa = PBXBuildFile; fileRef = BB746B0C2C32450B80A06A1A /* PluginGetUserMedia.swift */; };
		B7E8FEE9588749C79D412C42 /* PluginEnumerateDevices.swift in Sources */ = {isa = PBXBuildFile; fileRef = 2EAEDB39C1484F0281A467E8 /* PluginEnumerateDevices.swift */; };
		7228FFE146904D76820B198A /* PluginUtils.swift in Sources */ = {isa = PBXBuildFile; fileRef = 07DFDE1997A147C8B6E12EF6 /* PluginUtils.swift */; };
		65F8317C756C4661AEFC3731 /* PluginMediaStreamRenderer.swift in Sources */ = {isa = PBXBuildFile; fileRef = 8F3C96EA10B74D0EBBEE2728 /* PluginMediaStreamRenderer.swift */; };
		C2FBE97FE73547F2BBA159C0 /* libWebRTC-LATEST-Universal-Release.a in Frameworks */ = {isa = PBXBuildFile; fileRef = 66E0089B1F02491FB8C26443 /* libWebRTC-LATEST-Universal-Release.a */; };
		A6BB86EF36C542A787839767 /* AVFoundation.framework in Frameworks */ = {isa = PBXBuildFile; fileRef = 87C36D30447A43D8ACEC3B25 /* AVFoundation.framework */; };
		69F9C6EE59E74185B7F73D10 /* CoreMedia.framework in Frameworks */ = {isa = PBXBuildFile; fileRef = 2DF0E9B07AF24B55B7168C68 /* CoreMedia.framework */; };
		8B8CBCCFE7484238847CE950 /* GLKit.framework in Frameworks */ = {isa = PBXBuildFile; fileRef = 15ED27AC8CD3467E90502986 /* GLKit.framework */; };
		67D24AB0CE7E40B384EE2C36 /* OpenGLES.framework in Frameworks */ = {isa = PBXBuildFile; fileRef = D5F31393EE16483D9B88E5D2 /* OpenGLES.framework */; };
		A938F659DBAE4672905FFD26 /* CoreVideo.framework in Frameworks */ = {isa = PBXBuildFile; fileRef = F2B8FD400F834E5287A3E49A /* CoreVideo.framework */; };
		F367DC995F7C4068ADB761EE /* CoreAudio.framework in Frameworks */ = {isa = PBXBuildFile; fileRef = 31AB1CFC6AEE46ED90A13D00 /* CoreAudio.framework */; };
		A7819A3327D04E9ABAAD64B2 /* QuartzCore.framework in Frameworks */ = {isa = PBXBuildFile; fileRef = C94C16ED522940A783EDF314 /* QuartzCore.framework */; };
		5C56C1BE5F0243CF8405AD31 /* CoreLocation.framework in Frameworks */ = {isa = PBXBuildFile; fileRef = 2140EE559168445B9881527A /* CoreLocation.framework */; };
		C25563E3DD764E948417EB3C /* AudioToolbox.framework in Frameworks */ = {isa = PBXBuildFile; fileRef = 3A32C77092714B5D9420B5F7 /* AudioToolbox.framework */; };
		5A06C173DAD746F6ABB47E9C /* libc++.dylib in Frameworks */ = {isa = PBXBuildFile; fileRef = CD4C2CF87E6D41AA96534300 /* libc++.dylib */; };
		51FBC14938AF4BE484E7B2F4 /* libstdc++.dylib in Frameworks */ = {isa = PBXBuildFile; fileRef = 5AA101ED28F544A9B08C70E0 /* libstdc++.dylib */; };
		4A816AAB2DB74FFCB29F0D79 /* libsqlite3.0.dylib in Frameworks */ = {isa = PBXBuildFile; fileRef = F8BCA4C2680B4B22BCFDB50A /* libsqlite3.0.dylib */; };
		7C497F0833E9424580648D96 /* VideoToolbox.framework in Frameworks */ = {isa = PBXBuildFile; fileRef = 07F87AD0584F44FFB9CAF794 /* VideoToolbox.framework */; };
/* End PBXBuildFile section */

/* Begin PBXContainerItemProxy section */
		301BF534109A57CC0062928A /* PBXContainerItemProxy */ = {
			isa = PBXContainerItemProxy;
			containerPortal = 301BF52D109A57CC0062928A /* CordovaLib.xcodeproj */;
			proxyType = 2;
			remoteGlobalIDString = D2AAC07E0554694100DB518D;
			remoteInfo = CordovaLib;
		};
		301BF550109A68C00062928A /* PBXContainerItemProxy */ = {
			isa = PBXContainerItemProxy;
			containerPortal = 301BF52D109A57CC0062928A /* CordovaLib.xcodeproj */;
			proxyType = 1;
			remoteGlobalIDString = D2AAC07D0554694100DB518D;
			remoteInfo = CordovaLib;
		};
/* End PBXContainerItemProxy section */

/* Begin PBXFileReference section */
		0207DA571B56EA530066E2B4 /* Images.xcassets */ = {isa = PBXFileReference; lastKnownFileType = folder.assetcatalog; name = Images.xcassets; path = "iOS webRTC/Images.xcassets"; sourceTree = SOURCE_ROOT; };
		1D3623240D0F684500981E51 /* AppDelegate.h */ = {isa = PBXFileReference; fileEncoding = 4; lastKnownFileType = sourcecode.c.h; path = AppDelegate.h; sourceTree = "<group>"; };
		1D3623250D0F684500981E51 /* AppDelegate.m */ = {isa = PBXFileReference; fileEncoding = 4; lastKnownFileType = sourcecode.c.objc; path = AppDelegate.m; sourceTree = "<group>"; };
		1D6058910D05DD3D006BFB54 /* iOS webRTC.app */ = {isa = PBXFileReference; explicitFileType = wrapper.application; includeInIndex = 0; path = "iOS webRTC.app"; sourceTree = BUILT_PRODUCTS_DIR; };
		29B97316FDCFA39411CA2CEA /* main.m */ = {isa = PBXFileReference; fileEncoding = 4; lastKnownFileType = sourcecode.c.objc; path = main.m; sourceTree = "<group>"; };
		301BF52D109A57CC0062928A /* CordovaLib.xcodeproj */ = {isa = PBXFileReference; lastKnownFileType = "wrapper.pb-project"; name = CordovaLib.xcodeproj; path = CordovaLib/CordovaLib.xcodeproj; sourceTree = "<group>"; };
		301BF56E109A69640062928A /* www */ = {isa = PBXFileReference; lastKnownFileType = folder; path = www; sourceTree = SOURCE_ROOT; };
		302D95EE14D2391D003F00A1 /* MainViewController.h */ = {isa = PBXFileReference; fileEncoding = 4; lastKnownFileType = sourcecode.c.h; path = MainViewController.h; sourceTree = "<group>"; };
		302D95EF14D2391D003F00A1 /* MainViewController.m */ = {isa = PBXFileReference; fileEncoding = 4; lastKnownFileType = sourcecode.c.objc; path = MainViewController.m; sourceTree = "<group>"; };
		302D95F014D2391D003F00A1 /* MainViewController.xib */ = {isa = PBXFileReference; fileEncoding = 4; lastKnownFileType = file.xib; path = MainViewController.xib; sourceTree = "<group>"; };
		3047A50F1AB8059700498E2A /* build-debug.xcconfig */ = {isa = PBXFileReference; fileEncoding = 4; lastKnownFileType = text.xcconfig; name = "build-debug.xcconfig"; path = cordova/build-debug.xcconfig; sourceTree = SOURCE_ROOT; };
		3047A5101AB8059700498E2A /* build-release.xcconfig */ = {isa = PBXFileReference; fileEncoding = 4; lastKnownFileType = text.xcconfig; name = "build-release.xcconfig"; path = cordova/build-release.xcconfig; sourceTree = SOURCE_ROOT; };
		3047A5111AB8059700498E2A /* build.xcconfig */ = {isa = PBXFileReference; fileEncoding = 4; lastKnownFileType = text.xcconfig; name = build.xcconfig; path = cordova/build.xcconfig; sourceTree = SOURCE_ROOT; };
		32CA4F630368D1EE00C91783 /* iOS webRTC-Prefix.pch */ = {isa = PBXFileReference; fileEncoding = 4; lastKnownFileType = sourcecode.c.h; path = "iOS webRTC-Prefix.pch"; sourceTree = "<group>"; };
		8D1107310486CEB800E47090 /* iOS webRTC-Info.plist */ = {isa = PBXFileReference; fileEncoding = 4; lastKnownFileType = text.plist.xml; name = "iOS webRTC-Info.plist"; path = "iOS webRTC/iOS webRTC-Info.plist"; plistStructureDefinitionIdentifier = "com.apple.xcode.plist.structure-definition.iphone.info-plist"; sourceTree = SOURCE_ROOT; };
		EB87FDF31871DA8E0020F90C /* www */ = {isa = PBXFileReference; lastKnownFileType = folder; name = www; path = ../../www; sourceTree = "<group>"; };
		EB87FDF41871DAF40020F90C /* config.xml */ = {isa = PBXFileReference; lastKnownFileType = text.xml; name = config.xml; path = ../../config.xml; sourceTree = "<group>"; };
		F840E1F0165FE0F500CFE078 /* config.xml */ = {isa = PBXFileReference; lastKnownFileType = text.xml; name = config.xml; path = "iOS webRTC/config.xml"; sourceTree = "<group>"; };
		ED33DF2A687741AEAF9F8254 /* Bridging-Header.h */ = {isa = PBXFileReference; fileEncoding = 4; lastKnownFileType = sourcecode.c.h; name = "Bridging-Header.h"; path = "Bridging-Header.h"; sourceTree = "<group>"; };
		3EAE46E3712A45E084E5362A /* iosrtcPlugin.swift */ = {isa = PBXFileReference; name = "iosrtcPlugin.swift"; path = "cordova-plugin-iosrtc/iosrtcPlugin.swift"; sourceTree = "<group>"; fileEncoding = 4; lastKnownFileType = sourcecode.swift; explicitFileType = undefined; includeInIndex = 0; };
		20EBF6F26301408EAF4A6CB2 /* PluginRTCTypes.swift */ = {isa = PBXFileReference; name = "PluginRTCTypes.swift"; path = "cordova-plugin-iosrtc/PluginRTCTypes.swift"; sourceTree = "<group>"; fileEncoding = 4; lastKnownFileType = sourcecode.swift; explicitFileType = undefined; includeInIndex = 0; };
		5F4B4217228B4593AA71AA35 /* PluginRTCPeerConnection.swift */ = {isa = PBXFileReference; name = "PluginRTCPeerConnection.swift"; path = "cordova-plugin-iosrtc/PluginRTCPeerConnection.swift"; sourceTree = "<group>"; fileEncoding = 4; lastKnownFileType = sourcecode.swift; explicitFileType = undefined; includeInIndex = 0; };
		4CD1307F35A74ADDAD3B8DAB /* PluginRTCPeerConnectionConfig.swift */ = {isa = PBXFileReference; name = "PluginRTCPeerConnectionConfig.swift"; path = "cordova-plugin-iosrtc/PluginRTCPeerConnectionConfig.swift"; sourceTree = "<group>"; fileEncoding = 4; lastKnownFileType = sourcecode.swift; explicitFileType = undefined; includeInIndex = 0; };
		C455B34492D14D0C8C51CE4D /* PluginRTCPeerConnectionConstraints.swift */ = {isa = PBXFileReference; name = "PluginRTCPeerConnectionConstraints.swift"; path = "cordova-plugin-iosrtc/PluginRTCPeerConnectionConstraints.swift"; sourceTree = "<group>"; fileEncoding = 4; lastKnownFileType = sourcecode.swift; explicitFileType = undefined; includeInIndex = 0; };
		4617E2591A5948C9B3F190B3 /* PluginRTCDataChannel.swift */ = {isa = PBXFileReference; name = "PluginRTCDataChannel.swift"; path = "cordova-plugin-iosrtc/PluginRTCDataChannel.swift"; sourceTree = "<group>"; fileEncoding = 4; lastKnownFileType = sourcecode.swift; explicitFileType = undefined; includeInIndex = 0; };
		30D56125384D4CEDAE42F3B6 /* PluginMediaStream.swift */ = {isa = PBXFileReference; name = "PluginMediaStream.swift"; path = "cordova-plugin-iosrtc/PluginMediaStream.swift"; sourceTree = "<group>"; fileEncoding = 4; lastKnownFileType = sourcecode.swift; explicitFileType = undefined; includeInIndex = 0; };
		642E20F1BC334E4691BBC58A /* PluginMediaStreamTrack.swift */ = {isa = PBXFileReference; name = "PluginMediaStreamTrack.swift"; path = "cordova-plugin-iosrtc/PluginMediaStreamTrack.swift"; sourceTree = "<group>"; fileEncoding = 4; lastKnownFileType = sourcecode.swift; explicitFileType = undefined; includeInIndex = 0; };
		BB746B0C2C32450B80A06A1A /* PluginGetUserMedia.swift */ = {isa = PBXFileReference; name = "PluginGetUserMedia.swift"; path = "cordova-plugin-iosrtc/PluginGetUserMedia.swift"; sourceTree = "<group>"; fileEncoding = 4; lastKnownFileType = sourcecode.swift; explicitFileType = undefined; includeInIndex = 0; };
		2EAEDB39C1484F0281A467E8 /* PluginEnumerateDevices.swift */ = {isa = PBXFileReference; name = "PluginEnumerateDevices.swift"; path = "cordova-plugin-iosrtc/PluginEnumerateDevices.swift"; sourceTree = "<group>"; fileEncoding = 4; lastKnownFileType = sourcecode.swift; explicitFileType = undefined; includeInIndex = 0; };
		07DFDE1997A147C8B6E12EF6 /* PluginUtils.swift */ = {isa = PBXFileReference; name = "PluginUtils.swift"; path = "cordova-plugin-iosrtc/PluginUtils.swift"; sourceTree = "<group>"; fileEncoding = 4; lastKnownFileType = sourcecode.swift; explicitFileType = undefined; includeInIndex = 0; };
		8F3C96EA10B74D0EBBEE2728 /* PluginMediaStreamRenderer.swift */ = {isa = PBXFileReference; name = "PluginMediaStreamRenderer.swift"; path = "cordova-plugin-iosrtc/PluginMediaStreamRenderer.swift"; sourceTree = "<group>"; fileEncoding = 4; lastKnownFileType = sourcecode.swift; explicitFileType = undefined; includeInIndex = 0; };
		66E0089B1F02491FB8C26443 /* libWebRTC-LATEST-Universal-Release.a */ = {isa = PBXFileReference; name = "libWebRTC-LATEST-Universal-Release.a"; path = "iOS webRTC/Plugins/cordova-plugin-iosrtc/libWebRTC-LATEST-Universal-Release.a"; sourceTree = "<group>"; fileEncoding = undefined; lastKnownFileType = archive.ar; explicitFileType = undefined; includeInIndex = 0; };
		606148C269BF4776BFD82BBD /* RTCAVFoundationVideoSource.h */ = {isa = PBXFileReference; name = "RTCAVFoundationVideoSource.h"; path = "cordova-plugin-iosrtc/RTCAVFoundationVideoSource.h"; sourceTree = "<group>"; fileEncoding = 4; lastKnownFileType = sourcecode.c.h; explicitFileType = undefined; includeInIndex = 0; };
		DB009E59234247F1933C47E9 /* RTCAudioSource.h */ = {isa = PBXFileReference; name = "RTCAudioSource.h"; path = "cordova-plugin-iosrtc/RTCAudioSource.h"; sourceTree = "<group>"; fileEncoding = 4; lastKnownFileType = sourcecode.c.h; explicitFileType = undefined; includeInIndex = 0; };
		6D7CF927190D47D1B93CAB43 /* RTCAudioTrack.h */ = {isa = PBXFileReference; name = "RTCAudioTrack.h"; path = "cordova-plugin-iosrtc/RTCAudioTrack.h"; sourceTree = "<group>"; fileEncoding = 4; lastKnownFileType = sourcecode.c.h; explicitFileType = undefined; includeInIndex = 0; };
		56826C9D003F437FA6BAA038 /* RTCDataChannel.h */ = {isa = PBXFileReference; name = "RTCDataChannel.h"; path = "cordova-plugin-iosrtc/RTCDataChannel.h"; sourceTree = "<group>"; fileEncoding = 4; lastKnownFileType = sourcecode.c.h; explicitFileType = undefined; includeInIndex = 0; };
		78FBE5A1D63341F482C3C22E /* RTCEAGLVideoView.h */ = {isa = PBXFileReference; name = "RTCEAGLVideoView.h"; path = "cordova-plugin-iosrtc/RTCEAGLVideoView.h"; sourceTree = "<group>"; fileEncoding = 4; lastKnownFileType = sourcecode.c.h; explicitFileType = undefined; includeInIndex = 0; };
		45352B396066488A9BC011C1 /* RTCFileLogger.h */ = {isa = PBXFileReference; name = "RTCFileLogger.h"; path = "cordova-plugin-iosrtc/RTCFileLogger.h"; sourceTree = "<group>"; fileEncoding = 4; lastKnownFileType = sourcecode.c.h; explicitFileType = undefined; includeInIndex = 0; };
		665337F2137240CD8BC6C480 /* RTCI420Frame.h */ = {isa = PBXFileReference; name = "RTCI420Frame.h"; path = "cordova-plugin-iosrtc/RTCI420Frame.h"; sourceTree = "<group>"; fileEncoding = 4; lastKnownFileType = sourcecode.c.h; explicitFileType = undefined; includeInIndex = 0; };
		69654A54EFD443AF8B8273B9 /* RTCICECandidate.h */ = {isa = PBXFileReference; name = "RTCICECandidate.h"; path = "cordova-plugin-iosrtc/RTCICECandidate.h"; sourceTree = "<group>"; fileEncoding = 4; lastKnownFileType = sourcecode.c.h; explicitFileType = undefined; includeInIndex = 0; };
		753B1730A8D248FA8F7EF3DE /* RTCICEServer.h */ = {isa = PBXFileReference; name = "RTCICEServer.h"; path = "cordova-plugin-iosrtc/RTCICEServer.h"; sourceTree = "<group>"; fileEncoding = 4; lastKnownFileType = sourcecode.c.h; explicitFileType = undefined; includeInIndex = 0; };
		C323C2EA2AA14221A4BA6C96 /* RTCLogging.h */ = {isa = PBXFileReference; name = "RTCLogging.h"; path = "cordova-plugin-iosrtc/RTCLogging.h"; sourceTree = "<group>"; fileEncoding = 4; lastKnownFileType = sourcecode.c.h; explicitFileType = undefined; includeInIndex = 0; };
		23110C67397D4E269C18EC9D /* RTCMediaConstraints.h */ = {isa = PBXFileReference; name = "RTCMediaConstraints.h"; path = "cordova-plugin-iosrtc/RTCMediaConstraints.h"; sourceTree = "<group>"; fileEncoding = 4; lastKnownFileType = sourcecode.c.h; explicitFileType = undefined; includeInIndex = 0; };
		F81F47857C10452990E3D86D /* RTCMediaSource.h */ = {isa = PBXFileReference; name = "RTCMediaSource.h"; path = "cordova-plugin-iosrtc/RTCMediaSource.h"; sourceTree = "<group>"; fileEncoding = 4; lastKnownFileType = sourcecode.c.h; explicitFileType = undefined; includeInIndex = 0; };
		A6BC3A837E7E4DE1BC5BD3D8 /* RTCMediaStream.h */ = {isa = PBXFileReference; name = "RTCMediaStream.h"; path = "cordova-plugin-iosrtc/RTCMediaStream.h"; sourceTree = "<group>"; fileEncoding = 4; lastKnownFileType = sourcecode.c.h; explicitFileType = undefined; includeInIndex = 0; };
		7DFD34073C9C49428533AFF1 /* RTCMediaStreamTrack.h */ = {isa = PBXFileReference; name = "RTCMediaStreamTrack.h"; path = "cordova-plugin-iosrtc/RTCMediaStreamTrack.h"; sourceTree = "<group>"; fileEncoding = 4; lastKnownFileType = sourcecode.c.h; explicitFileType = undefined; includeInIndex = 0; };
		851480A4E756410DB0D5CCF4 /* RTCNSGLVideoView.h */ = {isa = PBXFileReference; name = "RTCNSGLVideoView.h"; path = "cordova-plugin-iosrtc/RTCNSGLVideoView.h"; sourceTree = "<group>"; fileEncoding = 4; lastKnownFileType = sourcecode.c.h; explicitFileType = undefined; includeInIndex = 0; };
		B578AC84CBC64E638982E3D8 /* RTCOpenGLVideoRenderer.h */ = {isa = PBXFileReference; name = "RTCOpenGLVideoRenderer.h"; path = "cordova-plugin-iosrtc/RTCOpenGLVideoRenderer.h"; sourceTree = "<group>"; fileEncoding = 4; lastKnownFileType = sourcecode.c.h; explicitFileType = undefined; includeInIndex = 0; };
		ED4C63FA0C4A4E528C12D4C7 /* RTCPair.h */ = {isa = PBXFileReference; name = "RTCPair.h"; path = "cordova-plugin-iosrtc/RTCPair.h"; sourceTree = "<group>"; fileEncoding = 4; lastKnownFileType = sourcecode.c.h; explicitFileType = undefined; includeInIndex = 0; };
		BA3908119F40499A8E97A4E1 /* RTCPeerConnection.h */ = {isa = PBXFileReference; name = "RTCPeerConnection.h"; path = "cordova-plugin-iosrtc/RTCPeerConnection.h"; sourceTree = "<group>"; fileEncoding = 4; lastKnownFileType = sourcecode.c.h; explicitFileType = undefined; includeInIndex = 0; };
		3431A33AAAA449B3ACE1998A /* RTCPeerConnectionDelegate.h */ = {isa = PBXFileReference; name = "RTCPeerConnectionDelegate.h"; path = "cordova-plugin-iosrtc/RTCPeerConnectionDelegate.h"; sourceTree = "<group>"; fileEncoding = 4; lastKnownFileType = sourcecode.c.h; explicitFileType = undefined; includeInIndex = 0; };
		1B071A85DEEE467193AB0CCB /* RTCPeerConnectionFactory.h */ = {isa = PBXFileReference; name = "RTCPeerConnectionFactory.h"; path = "cordova-plugin-iosrtc/RTCPeerConnectionFactory.h"; sourceTree = "<group>"; fileEncoding = 4; lastKnownFileType = sourcecode.c.h; explicitFileType = undefined; includeInIndex = 0; };
		A33729C612EA4356A47CCF78 /* RTCPeerConnectionInterface.h */ = {isa = PBXFileReference; name = "RTCPeerConnectionInterface.h"; path = "cordova-plugin-iosrtc/RTCPeerConnectionInterface.h"; sourceTree = "<group>"; fileEncoding = 4; lastKnownFileType = sourcecode.c.h; explicitFileType = undefined; includeInIndex = 0; };
		512257EE66084A37A2C36261 /* RTCSessionDescription.h */ = {isa = PBXFileReference; name = "RTCSessionDescription.h"; path = "cordova-plugin-iosrtc/RTCSessionDescription.h"; sourceTree = "<group>"; fileEncoding = 4; lastKnownFileType = sourcecode.c.h; explicitFileType = undefined; includeInIndex = 0; };
		C84ED5C05BB547BDA37BA5DA /* RTCSessionDescriptionDelegate.h */ = {isa = PBXFileReference; name = "RTCSessionDescriptionDelegate.h"; path = "cordova-plugin-iosrtc/RTCSessionDescriptionDelegate.h"; sourceTree = "<group>"; fileEncoding = 4; lastKnownFileType = sourcecode.c.h; explicitFileType = undefined; includeInIndex = 0; };
		F45D106C42AB496CA46EE766 /* RTCStatsDelegate.h */ = {isa = PBXFileReference; name = "RTCStatsDelegate.h"; path = "cordova-plugin-iosrtc/RTCStatsDelegate.h"; sourceTree = "<group>"; fileEncoding = 4; lastKnownFileType = sourcecode.c.h; explicitFileType = undefined; includeInIndex = 0; };
		AAA44F76F6844C5594B6DC5B /* RTCStatsReport.h */ = {isa = PBXFileReference; name = "RTCStatsReport.h"; path = "cordova-plugin-iosrtc/RTCStatsReport.h"; sourceTree = "<group>"; fileEncoding = 4; lastKnownFileType = sourcecode.c.h; explicitFileType = undefined; includeInIndex = 0; };
		0AF51BCDA78B40159AEF6294 /* RTCTypes.h */ = {isa = PBXFileReference; name = "RTCTypes.h"; path = "cordova-plugin-iosrtc/RTCTypes.h"; sourceTree = "<group>"; fileEncoding = 4; lastKnownFileType = sourcecode.c.h; explicitFileType = undefined; includeInIndex = 0; };
		7CCA7501D0724C0B83F89781 /* RTCVideoCapturer.h */ = {isa = PBXFileReference; name = "RTCVideoCapturer.h"; path = "cordova-plugin-iosrtc/RTCVideoCapturer.h"; sourceTree = "<group>"; fileEncoding = 4; lastKnownFileType = sourcecode.c.h; explicitFileType = undefined; includeInIndex = 0; };
		0CFF71547F0240C48E43E45B /* RTCVideoRenderer.h */ = {isa = PBXFileReference; name = "RTCVideoRenderer.h"; path = "cordova-plugin-iosrtc/RTCVideoRenderer.h"; sourceTree = "<group>"; fileEncoding = 4; lastKnownFileType = sourcecode.c.h; explicitFileType = undefined; includeInIndex = 0; };
		91CCD11B9DA44680A623A33A /* RTCVideoSource.h */ = {isa = PBXFileReference; name = "RTCVideoSource.h"; path = "cordova-plugin-iosrtc/RTCVideoSource.h"; sourceTree = "<group>"; fileEncoding = 4; lastKnownFileType = sourcecode.c.h; explicitFileType = undefined; includeInIndex = 0; };
		1E5D7605C6B646DD9BFCCE72 /* RTCVideoTrack.h */ = {isa = PBXFileReference; name = "RTCVideoTrack.h"; path = "cordova-plugin-iosrtc/RTCVideoTrack.h"; sourceTree = "<group>"; fileEncoding = 4; lastKnownFileType = sourcecode.c.h; explicitFileType = undefined; includeInIndex = 0; };
		508E5996D3634460BF0E8F55 /* cordova-plugin-iosrtc-Bridging-Header.h */ = {isa = PBXFileReference; name = "cordova-plugin-iosrtc-Bridging-Header.h"; path = "cordova-plugin-iosrtc/cordova-plugin-iosrtc-Bridging-Header.h"; sourceTree = "<group>"; fileEncoding = 4; lastKnownFileType = sourcecode.c.h; explicitFileType = undefined; includeInIndex = 0; };
		87C36D30447A43D8ACEC3B25 /* AVFoundation.framework */ = {isa = PBXFileReference; name = "AVFoundation.framework"; path = "System/Library/Frameworks/AVFoundation.framework"; sourceTree = SDKROOT; fileEncoding = undefined; lastKnownFileType = wrapper.framework; explicitFileType = undefined; includeInIndex = 0; };
		2DF0E9B07AF24B55B7168C68 /* CoreMedia.framework */ = {isa = PBXFileReference; name = "CoreMedia.framework"; path = "System/Library/Frameworks/CoreMedia.framework"; sourceTree = SDKROOT; fileEncoding = undefined; lastKnownFileType = wrapper.framework; explicitFileType = undefined; includeInIndex = 0; };
		15ED27AC8CD3467E90502986 /* GLKit.framework */ = {isa = PBXFileReference; name = "GLKit.framework"; path = "System/Library/Frameworks/GLKit.framework"; sourceTree = SDKROOT; fileEncoding = undefined; lastKnownFileType = wrapper.framework; explicitFileType = undefined; includeInIndex = 0; };
		D5F31393EE16483D9B88E5D2 /* OpenGLES.framework */ = {isa = PBXFileReference; name = "OpenGLES.framework"; path = "System/Library/Frameworks/OpenGLES.framework"; sourceTree = SDKROOT; fileEncoding = undefined; lastKnownFileType = wrapper.framework; explicitFileType = undefined; includeInIndex = 0; };
		F2B8FD400F834E5287A3E49A /* CoreVideo.framework */ = {isa = PBXFileReference; name = "CoreVideo.framework"; path = "System/Library/Frameworks/CoreVideo.framework"; sourceTree = SDKROOT; fileEncoding = undefined; lastKnownFileType = wrapper.framework; explicitFileType = undefined; includeInIndex = 0; };
		31AB1CFC6AEE46ED90A13D00 /* CoreAudio.framework */ = {isa = PBXFileReference; name = "CoreAudio.framework"; path = "System/Library/Frameworks/CoreAudio.framework"; sourceTree = SDKROOT; fileEncoding = undefined; lastKnownFileType = wrapper.framework; explicitFileType = undefined; includeInIndex = 0; };
		C94C16ED522940A783EDF314 /* QuartzCore.framework */ = {isa = PBXFileReference; name = "QuartzCore.framework"; path = "System/Library/Frameworks/QuartzCore.framework"; sourceTree = SDKROOT; fileEncoding = undefined; lastKnownFileType = wrapper.framework; explicitFileType = undefined; includeInIndex = 0; };
		2140EE559168445B9881527A /* CoreLocation.framework */ = {isa = PBXFileReference; name = "CoreLocation.framework"; path = "System/Library/Frameworks/CoreLocation.framework"; sourceTree = SDKROOT; fileEncoding = undefined; lastKnownFileType = wrapper.framework; explicitFileType = undefined; includeInIndex = 0; };
		3A32C77092714B5D9420B5F7 /* AudioToolbox.framework */ = {isa = PBXFileReference; name = "AudioToolbox.framework"; path = "System/Library/Frameworks/AudioToolbox.framework"; sourceTree = SDKROOT; fileEncoding = undefined; lastKnownFileType = wrapper.framework; explicitFileType = undefined; includeInIndex = 0; };
		CD4C2CF87E6D41AA96534300 /* libc++.dylib */ = {isa = PBXFileReference; name = "libc++.dylib"; path = "usr/lib/libc++.dylib"; sourceTree = SDKROOT; fileEncoding = undefined; lastKnownFileType = compiled.mach-o.dylib; explicitFileType = undefined; includeInIndex = 0; };
		5AA101ED28F544A9B08C70E0 /* libstdc++.dylib */ = {isa = PBXFileReference; name = "libstdc++.dylib"; path = "usr/lib/libstdc++.dylib"; sourceTree = SDKROOT; fileEncoding = undefined; lastKnownFileType = compiled.mach-o.dylib; explicitFileType = undefined; includeInIndex = 0; };
		F8BCA4C2680B4B22BCFDB50A /* libsqlite3.0.dylib */ = {isa = PBXFileReference; name = "libsqlite3.0.dylib"; path = "usr/lib/libsqlite3.0.dylib"; sourceTree = SDKROOT; fileEncoding = undefined; lastKnownFileType = compiled.mach-o.dylib; explicitFileType = undefined; includeInIndex = 0; };
		07F87AD0584F44FFB9CAF794 /* VideoToolbox.framework */ = {isa = PBXFileReference; name = "VideoToolbox.framework"; path = "System/Library/Frameworks/VideoToolbox.framework"; sourceTree = SDKROOT; fileEncoding = undefined; lastKnownFileType = wrapper.framework; explicitFileType = undefined; includeInIndex = 0; };
/* End PBXFileReference section */

/* Begin PBXFrameworksBuildPhase section */
		1D60588F0D05DD3D006BFB54 /* Frameworks */ = {
			isa = PBXFrameworksBuildPhase;
			buildActionMask = 2147483647;
			files = (
				301BF552109A68D80062928A /* libCordova.a in Frameworks */,
				C2FBE97FE73547F2BBA159C0 /* libWebRTC-LATEST-Universal-Release.a in Frameworks */,
				A6BB86EF36C542A787839767 /* AVFoundation.framework in Frameworks */,
				69F9C6EE59E74185B7F73D10 /* CoreMedia.framework in Frameworks */,
				8B8CBCCFE7484238847CE950 /* GLKit.framework in Frameworks */,
				67D24AB0CE7E40B384EE2C36 /* OpenGLES.framework in Frameworks */,
				A938F659DBAE4672905FFD26 /* CoreVideo.framework in Frameworks */,
				F367DC995F7C4068ADB761EE /* CoreAudio.framework in Frameworks */,
				A7819A3327D04E9ABAAD64B2 /* QuartzCore.framework in Frameworks */,
				5C56C1BE5F0243CF8405AD31 /* CoreLocation.framework in Frameworks */,
				C25563E3DD764E948417EB3C /* AudioToolbox.framework in Frameworks */,
				5A06C173DAD746F6ABB47E9C /* libc++.dylib in Frameworks */,
				51FBC14938AF4BE484E7B2F4 /* libstdc++.dylib in Frameworks */,
				4A816AAB2DB74FFCB29F0D79 /* libsqlite3.0.dylib in Frameworks */,
				7C497F0833E9424580648D96 /* VideoToolbox.framework in Frameworks */,
			);
			runOnlyForDeploymentPostprocessing = 0;
		};
/* End PBXFrameworksBuildPhase section */

/* Begin PBXGroup section */
		080E96DDFE201D6D7F000001 /* Classes */ = {
			isa = PBXGroup;
			children = (
				302D95EE14D2391D003F00A1 /* MainViewController.h */,
				302D95EF14D2391D003F00A1 /* MainViewController.m */,
				302D95F014D2391D003F00A1 /* MainViewController.xib */,
				1D3623240D0F684500981E51 /* AppDelegate.h */,
				1D3623250D0F684500981E51 /* AppDelegate.m */,
			);
			name = Classes;
			path = "iOS webRTC/Classes";
			sourceTree = SOURCE_ROOT;
		};
		19C28FACFE9D520D11CA2CBB /* Products */ = {
			isa = PBXGroup;
			children = (
				1D6058910D05DD3D006BFB54 /* iOS webRTC.app */,
			);
			name = Products;
			sourceTree = "<group>";
		};
		29B97314FDCFA39411CA2CEA /* CustomTemplate */ = {
			isa = PBXGroup;
			children = (
				EB87FDF41871DAF40020F90C /* config.xml */,
				EB87FDF31871DA8E0020F90C /* www */,
				EB87FDF11871DA420020F90C /* Staging */,
				301BF52D109A57CC0062928A /* CordovaLib.xcodeproj */,
				080E96DDFE201D6D7F000001 /* Classes */,
				307C750510C5A3420062BCA9 /* Plugins */,
				29B97315FDCFA39411CA2CEA /* Other Sources */,
				29B97317FDCFA39411CA2CEA /* Resources */,
				29B97323FDCFA39411CA2CEA /* Frameworks */,
				19C28FACFE9D520D11CA2CBB /* Products */,
			);
			name = CustomTemplate;
			sourceTree = "<group>";
		};
		29B97315FDCFA39411CA2CEA /* Other Sources */ = {
			isa = PBXGroup;
			children = (
				32CA4F630368D1EE00C91783 /* iOS webRTC-Prefix.pch */,
				29B97316FDCFA39411CA2CEA /* main.m */,
				ED33DF2A687741AEAF9F8254 /* Bridging-Header.h */,
			);
			name = "Other Sources";
			path = "iOS webRTC";
			sourceTree = "<group>";
		};
		29B97317FDCFA39411CA2CEA /* Resources */ = {
			isa = PBXGroup;
			children = (
				0207DA571B56EA530066E2B4 /* Images.xcassets */,
				3047A50E1AB8057F00498E2A /* config */,
				8D1107310486CEB800E47090 /* iOS webRTC-Info.plist */,
			);
			name = Resources;
			path = "iOS webRTC/Resources";
			sourceTree = "<group>";
		};
		29B97323FDCFA39411CA2CEA /* Frameworks */ = {
			isa = PBXGroup;
			children = (
				66E0089B1F02491FB8C26443 /* libWebRTC-LATEST-Universal-Release.a */,
				87C36D30447A43D8ACEC3B25 /* AVFoundation.framework */,
				2DF0E9B07AF24B55B7168C68 /* CoreMedia.framework */,
				15ED27AC8CD3467E90502986 /* GLKit.framework */,
				D5F31393EE16483D9B88E5D2 /* OpenGLES.framework */,
				F2B8FD400F834E5287A3E49A /* CoreVideo.framework */,
				31AB1CFC6AEE46ED90A13D00 /* CoreAudio.framework */,
				C94C16ED522940A783EDF314 /* QuartzCore.framework */,
				2140EE559168445B9881527A /* CoreLocation.framework */,
				3A32C77092714B5D9420B5F7 /* AudioToolbox.framework */,
				CD4C2CF87E6D41AA96534300 /* libc++.dylib */,
				5AA101ED28F544A9B08C70E0 /* libstdc++.dylib */,
				F8BCA4C2680B4B22BCFDB50A /* libsqlite3.0.dylib */,
				07F87AD0584F44FFB9CAF794 /* VideoToolbox.framework */,
			);
			name = Frameworks;
			sourceTree = "<group>";
		};
		301BF52E109A57CC0062928A /* Products */ = {
			isa = PBXGroup;
			children = (
				301BF535109A57CC0062928A /* libCordova.a */,
			);
			name = Products;
			sourceTree = "<group>";
		};
		3047A50E1AB8057F00498E2A /* config */ = {
			isa = PBXGroup;
			children = (
				3047A50F1AB8059700498E2A /* build-debug.xcconfig */,
				3047A5101AB8059700498E2A /* build-release.xcconfig */,
				3047A5111AB8059700498E2A /* build.xcconfig */,
			);
			name = config;
			sourceTree = "<group>";
		};
		307C750510C5A3420062BCA9 /* Plugins */ = {
			isa = PBXGroup;
			children = (
				3EAE46E3712A45E084E5362A /* iosrtcPlugin.swift */,
				20EBF6F26301408EAF4A6CB2 /* PluginRTCTypes.swift */,
				5F4B4217228B4593AA71AA35 /* PluginRTCPeerConnection.swift */,
				4CD1307F35A74ADDAD3B8DAB /* PluginRTCPeerConnectionConfig.swift */,
				C455B34492D14D0C8C51CE4D /* PluginRTCPeerConnectionConstraints.swift */,
				4617E2591A5948C9B3F190B3 /* PluginRTCDataChannel.swift */,
				30D56125384D4CEDAE42F3B6 /* PluginMediaStream.swift */,
				642E20F1BC334E4691BBC58A /* PluginMediaStreamTrack.swift */,
				BB746B0C2C32450B80A06A1A /* PluginGetUserMedia.swift */,
				2EAEDB39C1484F0281A467E8 /* PluginEnumerateDevices.swift */,
				07DFDE1997A147C8B6E12EF6 /* PluginUtils.swift */,
				8F3C96EA10B74D0EBBEE2728 /* PluginMediaStreamRenderer.swift */,
				606148C269BF4776BFD82BBD /* RTCAVFoundationVideoSource.h */,
				DB009E59234247F1933C47E9 /* RTCAudioSource.h */,
				6D7CF927190D47D1B93CAB43 /* RTCAudioTrack.h */,
				56826C9D003F437FA6BAA038 /* RTCDataChannel.h */,
				78FBE5A1D63341F482C3C22E /* RTCEAGLVideoView.h */,
				45352B396066488A9BC011C1 /* RTCFileLogger.h */,
				665337F2137240CD8BC6C480 /* RTCI420Frame.h */,
				69654A54EFD443AF8B8273B9 /* RTCICECandidate.h */,
				753B1730A8D248FA8F7EF3DE /* RTCICEServer.h */,
				C323C2EA2AA14221A4BA6C96 /* RTCLogging.h */,
				23110C67397D4E269C18EC9D /* RTCMediaConstraints.h */,
				F81F47857C10452990E3D86D /* RTCMediaSource.h */,
				A6BC3A837E7E4DE1BC5BD3D8 /* RTCMediaStream.h */,
				7DFD34073C9C49428533AFF1 /* RTCMediaStreamTrack.h */,
				851480A4E756410DB0D5CCF4 /* RTCNSGLVideoView.h */,
				B578AC84CBC64E638982E3D8 /* RTCOpenGLVideoRenderer.h */,
				ED4C63FA0C4A4E528C12D4C7 /* RTCPair.h */,
				BA3908119F40499A8E97A4E1 /* RTCPeerConnection.h */,
				3431A33AAAA449B3ACE1998A /* RTCPeerConnectionDelegate.h */,
				1B071A85DEEE467193AB0CCB /* RTCPeerConnectionFactory.h */,
				A33729C612EA4356A47CCF78 /* RTCPeerConnectionInterface.h */,
				512257EE66084A37A2C36261 /* RTCSessionDescription.h */,
				C84ED5C05BB547BDA37BA5DA /* RTCSessionDescriptionDelegate.h */,
				F45D106C42AB496CA46EE766 /* RTCStatsDelegate.h */,
				AAA44F76F6844C5594B6DC5B /* RTCStatsReport.h */,
				0AF51BCDA78B40159AEF6294 /* RTCTypes.h */,
				7CCA7501D0724C0B83F89781 /* RTCVideoCapturer.h */,
				0CFF71547F0240C48E43E45B /* RTCVideoRenderer.h */,
				91CCD11B9DA44680A623A33A /* RTCVideoSource.h */,
				1E5D7605C6B646DD9BFCCE72 /* RTCVideoTrack.h */,
				508E5996D3634460BF0E8F55 /* cordova-plugin-iosrtc-Bridging-Header.h */,
			);
			name = Plugins;
			path = "iOS webRTC/Plugins";
			sourceTree = SOURCE_ROOT;
		};
		EB87FDF11871DA420020F90C /* Staging */ = {
			isa = PBXGroup;
			children = (
				F840E1F0165FE0F500CFE078 /* config.xml */,
				301BF56E109A69640062928A /* www */,
			);
			name = Staging;
			sourceTree = "<group>";
		};
/* End PBXGroup section */

/* Begin PBXNativeTarget section */
		1D6058900D05DD3D006BFB54 /* iOS webRTC */ = {
			isa = PBXNativeTarget;
			buildConfigurationList = 1D6058960D05DD3E006BFB54 /* Build configuration list for PBXNativeTarget "iOS webRTC" */;
			buildPhases = (
				304B58A110DAC018002A0835 /* Copy www directory */,
				1D60588D0D05DD3D006BFB54 /* Resources */,
				1D60588E0D05DD3D006BFB54 /* Sources */,
				1D60588F0D05DD3D006BFB54 /* Frameworks */,
			);
			buildRules = (
			);
			dependencies = (
				301BF551109A68C00062928A /* PBXTargetDependency */,
			);
			name = "iOS webRTC";
			productName = "iOS webRTC";
			productReference = 1D6058910D05DD3D006BFB54 /* iOS webRTC.app */;
			productType = "com.apple.product-type.application";
		};
/* End PBXNativeTarget section */

/* Begin PBXProject section */
		29B97313FDCFA39411CA2CEA /* Project object */ = {
			isa = PBXProject;
			attributes = {
				LastUpgradeCheck = 510;
			};
			buildConfigurationList = C01FCF4E08A954540054247B /* Build configuration list for PBXProject "__NON-CLI__" */;
			compatibilityVersion = "Xcode 3.2";
			developmentRegion = English;
			hasScannedForEncodings = 1;
			mainGroup = 29B97314FDCFA39411CA2CEA /* CustomTemplate */;
			projectDirPath = "";
			projectReferences = (
				{
					ProductGroup = 301BF52E109A57CC0062928A /* Products */;
					ProjectRef = 301BF52D109A57CC0062928A /* CordovaLib.xcodeproj */;
				},
			);
			projectRoot = "";
			targets = (
				1D6058900D05DD3D006BFB54 /* iOS webRTC */,
			);
		};
/* End PBXProject section */

/* Begin PBXReferenceProxy section */
		301BF535109A57CC0062928A /* libCordova.a */ = {
			isa = PBXReferenceProxy;
			fileType = archive.ar;
			path = libCordova.a;
			remoteRef = 301BF534109A57CC0062928A /* PBXContainerItemProxy */;
			sourceTree = BUILT_PRODUCTS_DIR;
		};
/* End PBXReferenceProxy section */

/* Begin PBXResourcesBuildPhase section */
		1D60588D0D05DD3D006BFB54 /* Resources */ = {
			isa = PBXResourcesBuildPhase;
			buildActionMask = 2147483647;
			files = (
				302D95F214D2391D003F00A1 /* MainViewController.xib in Resources */,
				3047A5131AB8059700498E2A /* build-release.xcconfig in Resources */,
				3047A5141AB8059700498E2A /* build.xcconfig in Resources */,
				0207DA581B56EA530066E2B4 /* Images.xcassets in Resources */,
				3047A5121AB8059700498E2A /* build-debug.xcconfig in Resources */,
			);
			runOnlyForDeploymentPostprocessing = 0;
		};
/* End PBXResourcesBuildPhase section */

/* Begin PBXShellScriptBuildPhase section */
		304B58A110DAC018002A0835 /* Copy www directory */ = {
			isa = PBXShellScriptBuildPhase;
			buildActionMask = 2147483647;
			files = (
			);
			inputPaths = (
			);
			name = "Copy www directory";
			outputPaths = (
			);
			runOnlyForDeploymentPostprocessing = 0;
			shellPath = /bin/sh;
			shellScript = "NODEJS_PATH=/usr/local/bin; NVM_NODE_PATH=~/.nvm/versions/node/`nvm version 2>/dev/null`/bin; N_NODE_PATH=`find /usr/local/n/versions/node/* -maxdepth 0 -type d 2>/dev/null | tail -1`/bin; XCODE_NODE_PATH=`xcode-select --print-path`/usr/share/xcs/Node/bin; PATH=$NODEJS_PATH:$NVM_NODE_PATH:$N_NODE_PATH:$XCODE_NODE_PATH:$PATH && node cordova/lib/copy-www-build-step.js";
			showEnvVarsInLog = 0;
		};
/* End PBXShellScriptBuildPhase section */

/* Begin PBXSourcesBuildPhase section */
		1D60588E0D05DD3D006BFB54 /* Sources */ = {
			isa = PBXSourcesBuildPhase;
			buildActionMask = 2147483647;
			files = (
				1D60589B0D05DD56006BFB54 /* main.m in Sources */,
				1D3623260D0F684500981E51 /* AppDelegate.m in Sources */,
				302D95F114D2391D003F00A1 /* MainViewController.m in Sources */,
				0C3653055B4F4ED19C9C3739 /* iosrtcPlugin.swift in Sources */,
				89C6D600FD7A42A29F5FBFE2 /* PluginRTCTypes.swift in Sources */,
				FB89CD1846C447FE8A499D29 /* PluginRTCPeerConnection.swift in Sources */,
				033E2E3D349A4021A4CDF434 /* PluginRTCPeerConnectionConfig.swift in Sources */,
				CA96E495425643BB99C072C0 /* PluginRTCPeerConnectionConstraints.swift in Sources */,
				61348FADB2ED4B87B8D0F181 /* PluginRTCDataChannel.swift in Sources */,
				E16DCF948442476889D81F52 /* PluginMediaStream.swift in Sources */,
				E0C326EAD955451182DAAEF7 /* PluginMediaStreamTrack.swift in Sources */,
				347AA4C9AE7E4514B620F992 /* PluginGetUserMedia.swift in Sources */,
				B7E8FEE9588749C79D412C42 /* PluginEnumerateDevices.swift in Sources */,
				7228FFE146904D76820B198A /* PluginUtils.swift in Sources */,
				65F8317C756C4661AEFC3731 /* PluginMediaStreamRenderer.swift in Sources */,
			);
			runOnlyForDeploymentPostprocessing = 0;
		};
/* End PBXSourcesBuildPhase section */

/* Begin PBXTargetDependency section */
		301BF551109A68C00062928A /* PBXTargetDependency */ = {
			isa = PBXTargetDependency;
			name = CordovaLib;
			targetProxy = 301BF550109A68C00062928A /* PBXContainerItemProxy */;
		};
/* End PBXTargetDependency section */

/* Begin XCBuildConfiguration section */
		1D6058940D05DD3E006BFB54 /* Debug */ = {
			isa = XCBuildConfiguration;
			baseConfigurationReference = 3047A50F1AB8059700498E2A /* build-debug.xcconfig */;
			buildSettings = {
				ALWAYS_SEARCH_USER_PATHS = NO;
				ASSETCATALOG_COMPILER_APPICON_NAME = AppIcon;
				ASSETCATALOG_COMPILER_LAUNCHIMAGE_NAME = LaunchImage;
				CLANG_ENABLE_MODULES = YES;
				CLANG_ENABLE_OBJC_ARC = YES;
				COPY_PHASE_STRIP = NO;
				GCC_DYNAMIC_NO_PIC = NO;
				GCC_OPTIMIZATION_LEVEL = 0;
				GCC_PRECOMPILE_PREFIX_HEADER = YES;
				GCC_PREFIX_HEADER = "iOS webRTC/iOS webRTC-Prefix.pch";
				GCC_THUMB_SUPPORT = NO;
				GCC_VERSION = "";
				INFOPLIST_FILE = "iOS webRTC/iOS webRTC-Info.plist";
				LD_RUNPATH_SEARCH_PATHS = "@executable_path/Frameworks";
				PRODUCT_NAME = "iOS webRTC";
				TARGETED_DEVICE_FAMILY = "1,2";
				LIBRARY_SEARCH_PATHS = (
					"$(inherited)",
					"\"$(SRCROOT)/iOS webRTC/Plugins/cordova-plugin-iosrtc\"",
				);
				SWIFT_OBJC_BRIDGING_HEADER = "iOS webRTC/Plugins/cordova-plugin-iosrtc/cordova-plugin-iosrtc-Bridging-Header.h";
				IPHONEOS_DEPLOYMENT_TARGET = "9.2";
				ENABLE_BITCODE = "NO";
			};
			name = Debug;
		};
		1D6058950D05DD3E006BFB54 /* Release */ = {
			isa = XCBuildConfiguration;
			baseConfigurationReference = 3047A5101AB8059700498E2A /* build-release.xcconfig */;
			buildSettings = {
				ALWAYS_SEARCH_USER_PATHS = NO;
				ASSETCATALOG_COMPILER_APPICON_NAME = AppIcon;
				ASSETCATALOG_COMPILER_LAUNCHIMAGE_NAME = LaunchImage;
				CLANG_ENABLE_MODULES = YES;
				CLANG_ENABLE_OBJC_ARC = YES;
				COPY_PHASE_STRIP = YES;
				GCC_PRECOMPILE_PREFIX_HEADER = YES;
				GCC_PREFIX_HEADER = "iOS webRTC/iOS webRTC-Prefix.pch";
				GCC_THUMB_SUPPORT = NO;
				GCC_VERSION = "";
				INFOPLIST_FILE = "iOS webRTC/iOS webRTC-Info.plist";
				PRODUCT_NAME = "iOS webRTC";
				TARGETED_DEVICE_FAMILY = "1,2";
				LIBRARY_SEARCH_PATHS = (
					"$(inherited)",
					"\"$(SRCROOT)/iOS webRTC/Plugins/cordova-plugin-iosrtc\"",
				);
				LD_RUNPATH_SEARCH_PATHS = "@executable_path/Frameworks";
				SWIFT_OBJC_BRIDGING_HEADER = "iOS webRTC/Plugins/cordova-plugin-iosrtc/cordova-plugin-iosrtc-Bridging-Header.h";
				IPHONEOS_DEPLOYMENT_TARGET = "9.2";
				ENABLE_BITCODE = "NO";
			};
			name = Release;
		};
		C01FCF4F08A954540054247B /* Debug */ = {
			isa = XCBuildConfiguration;
			baseConfigurationReference = 3047A5111AB8059700498E2A /* build.xcconfig */;
			buildSettings = {
				CLANG_ENABLE_MODULES = YES;
				CLANG_ENABLE_OBJC_ARC = YES;
				CLANG_WARN_BOOL_CONVERSION = YES;
				CLANG_WARN_CONSTANT_CONVERSION = YES;
				CLANG_WARN_EMPTY_BODY = YES;
				CLANG_WARN_ENUM_CONVERSION = YES;
				CLANG_WARN_INT_CONVERSION = YES;
				CLANG_WARN__DUPLICATE_METHOD_MATCH = YES;
				GCC_C_LANGUAGE_STANDARD = c99;
				GCC_THUMB_SUPPORT = NO;
				GCC_VERSION = "";
				GCC_WARN_ABOUT_RETURN_TYPE = YES;
				GCC_WARN_UNDECLARED_SELECTOR = YES;
				GCC_WARN_UNINITIALIZED_AUTOS = YES;
				GCC_WARN_UNUSED_FUNCTION = YES;
				GCC_WARN_UNUSED_VARIABLE = YES;
				ONLY_ACTIVE_ARCH = YES;
				SDKROOT = iphoneos;
				SKIP_INSTALL = NO;
				TARGETED_DEVICE_FAMILY = "1,2";
				LD_RUNPATH_SEARCH_PATHS = "@executable_path/Frameworks";
				SWIFT_OBJC_BRIDGING_HEADER = "iOS webRTC/Plugins/cordova-plugin-iosrtc/cordova-plugin-iosrtc-Bridging-Header.h";
				IPHONEOS_DEPLOYMENT_TARGET = "9.2";
				ENABLE_BITCODE = "NO";
			};
			name = Debug;
		};
		C01FCF5008A954540054247B /* Release */ = {
			isa = XCBuildConfiguration;
			baseConfigurationReference = 3047A5111AB8059700498E2A /* build.xcconfig */;
			buildSettings = {
				CLANG_ENABLE_MODULES = YES;
				CLANG_ENABLE_OBJC_ARC = YES;
				CLANG_WARN_BOOL_CONVERSION = YES;
				CLANG_WARN_CONSTANT_CONVERSION = YES;
				CLANG_WARN_EMPTY_BODY = YES;
				CLANG_WARN_ENUM_CONVERSION = YES;
				CLANG_WARN_INT_CONVERSION = YES;
				CLANG_WARN__DUPLICATE_METHOD_MATCH = YES;
				GCC_C_LANGUAGE_STANDARD = c99;
				GCC_THUMB_SUPPORT = NO;
				GCC_VERSION = "";
				GCC_WARN_ABOUT_RETURN_TYPE = YES;
				GCC_WARN_UNDECLARED_SELECTOR = YES;
				GCC_WARN_UNINITIALIZED_AUTOS = YES;
				GCC_WARN_UNUSED_FUNCTION = YES;
				GCC_WARN_UNUSED_VARIABLE = YES;
				SDKROOT = iphoneos;
				SKIP_INSTALL = NO;
				TARGETED_DEVICE_FAMILY = "1,2";
				LD_RUNPATH_SEARCH_PATHS = "@executable_path/Frameworks";
				SWIFT_OBJC_BRIDGING_HEADER = "iOS webRTC/Plugins/cordova-plugin-iosrtc/cordova-plugin-iosrtc-Bridging-Header.h";
				IPHONEOS_DEPLOYMENT_TARGET = "9.2";
				ENABLE_BITCODE = "NO";
			};
			name = Release;
		};
/* End XCBuildConfiguration section */

/* Begin XCConfigurationList section */
		1D6058960D05DD3E006BFB54 /* Build configuration list for PBXNativeTarget "iOS webRTC" */ = {
			isa = XCConfigurationList;
			buildConfigurations = (
				1D6058940D05DD3E006BFB54 /* Debug */,
				1D6058950D05DD3E006BFB54 /* Release */,
			);
			defaultConfigurationIsVisible = 0;
			defaultConfigurationName = Release;
		};
		C01FCF4E08A954540054247B /* Build configuration list for PBXProject "__NON-CLI__" */ = {
			isa = XCConfigurationList;
			buildConfigurations = (
				C01FCF4F08A954540054247B /* Debug */,
				C01FCF5008A954540054247B /* Release */,
			);
			defaultConfigurationIsVisible = 0;
			defaultConfigurationName = Release;
		};
/* End XCConfigurationList section */
	};
	rootObject = 29B97313FDCFA39411CA2CEA /* Project object */;
}
